
Microsoft Visual Studio Solution File, Format Version 12.00
# Visual Studio Version 17
VisualStudioVersion = 17.13.35913.81
MinimumVisualStudioVersion = 10.0.40219.1
Project("{FAE04EC0-301F-11D3-BF4B-00C04F79EFBC}") = "LanuagePack_tool", "LanuagePack_maker\LanuagePack_tool.csproj", "{69E79E2B-CD2C-4B44-AEC7-2AE6C9659DD1}"
EndProject
Global
	GlobalSection(SolutionConfigurationPlatforms) = preSolution
		Debug|Any CPU = Debug|Any CPU
		Release|Any CPU = Release|Any CPU
	EndGlobalSection
	GlobalSection(ProjectConfigurationPlatforms) = postSolution
		{69E79E2B-CD2C-4B44-AEC7-2AE6C9659DD1}.Debug|Any CPU.ActiveCfg = Debug|Any CPU
		{69E79E2B-CD2C-4B44-AEC7-2AE6C9659DD1}.Debug|Any CPU.Build.0 = Debug|Any CPU
		{69E79E2B-CD2C-4B44-AEC7-2AE6C9659DD1}.Release|Any CPU.ActiveCfg = Release|Any CPU
		{69E79E2B-CD2C-4B44-AEC7-2AE6C9659DD1}.Release|Any CPU.Build.0 = Release|Any CPU
	EndGlobalSection
	GlobalSection(SolutionProperties) = preSolution
		HideSolutionNode = FALSE
	EndGlobalSection
	GlobalSection(ExtensibilityGlobals) = postSolution
		SolutionGuid = {676152CD-28E4-4DF5-9638-A7FE630F263E}
	EndGlobalSection
EndGlobal
